
Microsoft Visual Studio Solution File, Format Version 12.00
# Visual Studio 2012
Project("{FAE04EC0-301F-11D3-BF4B-00C04F79EFBC}") = "MobileDevice", "MobileDevice\MobileDevice.csproj", "{76A1D31E-7501-4711-9EC6-F768533B60D6}"
EndProject
Project("{FAE04EC0-301F-11D3-BF4B-00C04F79EFBC}") = "Demo", "Demo\Demo.csproj", "{540BCCA9-A554-4711-B0E4-5F96DC399AE3}"
	ProjectSection(ProjectDependencies) = postProject
		{76A1D31E-7501-4711-9EC6-F768533B60D6} = {76A1D31E-7501-4711-9EC6-F768533B60D6}
	EndProjectSection
EndProject
Project("{FAE04EC0-301F-11D3-BF4B-00C04F79EFBC}") = "FSHouseArrest", "FSHouseArrest\FSHouseArrest.csproj", "{31E68E85-731E-42F5-96A5-49611AB94CCC}"
EndProject
Global
	GlobalSection(SolutionConfigurationPlatforms) = preSolution
		Debug|Any CPU = Debug|Any CPU
		Release|Any CPU = Release|Any CPU
	EndGlobalSection
	GlobalSection(ProjectConfigurationPlatforms) = postSolution
		{76A1D31E-7501-4711-9EC6-F768533B60D6}.Debug|Any CPU.ActiveCfg = Debug|Any CPU
		{76A1D31E-7501-4711-9EC6-F768533B60D6}.Debug|Any CPU.Build.0 = Debug|Any CPU
		{76A1D31E-7501-4711-9EC6-F768533B60D6}.Release|Any CPU.ActiveCfg = Release|Any CPU
		{76A1D31E-7501-4711-9EC6-F768533B60D6}.Release|Any CPU.Build.0 = Release|Any CPU
		{540BCCA9-A554-4711-B0E4-5F96DC399AE3}.Debug|Any CPU.ActiveCfg = Debug|Any CPU
		{540BCCA9-A554-4711-B0E4-5F96DC399AE3}.Debug|Any CPU.Build.0 = Debug|Any CPU
		{540BCCA9-A554-4711-B0E4-5F96DC399AE3}.Release|Any CPU.ActiveCfg = Release|Any CPU
		{540BCCA9-A554-4711-B0E4-5F96DC399AE3}.Release|Any CPU.Build.0 = Release|Any CPU
		{31E68E85-731E-42F5-96A5-49611AB94CCC}.Debug|Any CPU.ActiveCfg = Debug|Any CPU
		{31E68E85-731E-42F5-96A5-49611AB94CCC}.Debug|Any CPU.Build.0 = Debug|Any CPU
		{31E68E85-731E-42F5-96A5-49611AB94CCC}.Release|Any CPU.ActiveCfg = Release|Any CPU
		{31E68E85-731E-42F5-96A5-49611AB94CCC}.Release|Any CPU.Build.0 = Release|Any CPU
	EndGlobalSection
	GlobalSection(SolutionProperties) = preSolution
		HideSolutionNode = FALSE
	EndGlobalSection
EndGlobal
